
Microsoft Visual Studio Solution File, Format Version 12.00
# Visual Studio 15
VisualStudioVersion = 15.0.27004.2005
MinimumVisualStudioVersion = 10.0.40219.1
Project("{8BC9CEB8-8B4A-11D0-8D11-00A0C91BC942}") = "IMBE", "IMBE.vcxproj", "{7EF1408E-A140-4A8F-86CC-51784BE76A74}"
EndProject
Global
	GlobalSection(SolutionConfigurationPlatforms) = preSolution
		Debug|x64 = Debug|x64
		Debug|x86 = Debug|x86
		Release|x64 = Release|x64
		Release|x86 = Release|x86
	EndGlobalSection
	GlobalSection(ProjectConfigurationPlatforms) = postSolution
		{7EF1408E-A140-4A8F-86CC-51784BE76A74}.Debug|x64.ActiveCfg = Debug|x64
		{7EF1408E-A140-4A8F-86CC-51784BE76A74}.Debug|x64.Build.0 = Debug|x64
		{7EF1408E-A140-4A8F-86CC-51784BE76A74}.Debug|x86.ActiveCfg = Debug|Win32
		{7EF1408E-A140-4A8F-86CC-51784BE76A74}.Debug|x86.Build.0 = Debug|Win32
		{7EF1408E-A140-4A8F-86CC-51784BE76A74}.Release|x64.ActiveCfg = Release|x64
		{7EF1408E-A140-4A8F-86CC-51784BE76A74}.Release|x64.Build.0 = Release|x64
		{7EF1408E-A140-4A8F-86CC-51784BE76A74}.Release|x86.ActiveCfg = Release|Win32
		{7EF1408E-A140-4A8F-86CC-51784BE76A74}.Release|x86.Build.0 = Release|Win32
	EndGlobalSection
	GlobalSection(SolutionProperties) = preSolution
		HideSolutionNode = FALSE
	EndGlobalSection
	GlobalSection(ExtensibilityGlobals) = postSolution
		SolutionGuid = {E1D25999-4EB1-4F76-90C4-64265119F651}
	EndGlobalSection
EndGlobal
